// !$*UTF8*$!
{
	archiveVersion = 1;
	classes = {
	};
	objectVersion = 46;
	objects = {

/* Begin PBXBuildFile section */
		FC050DF619D29C3300D57762 /* quadtree.c in Sources */ = {isa = PBXBuildFile; fileRef = FC050DF219D29C3300D57762 /* quadtree.c */; };
		FC050DF719D29C3300D57762 /* utils.c in Sources */ = {isa = PBXBuildFile; fileRef = FC050DF419D29C3300D57762 /* utils.c */; };
		FC050DF919D29CAC00D57762 /* make_qtree.c in Sources */ = {isa = PBXBuildFile; fileRef = FC050DF819D29CAC00D57762 /* make_qtree.c */; };
/* End PBXBuildFile section */

/* Begin PBXCopyFilesBuildPhase section */
		FC050DE519D29BDB00D57762 /* CopyFiles */ = {
			isa = PBXCopyFilesBuildPhase;
			buildActionMask = 2147483647;
			dstPath = /usr/share/man/man1/;
			dstSubfolderSpec = 0;
			files = (
			);
			runOnlyForDeploymentPostprocessing = 1;
		};
/* End PBXCopyFilesBuildPhase section */

/* Begin PBXFileReference section */
		FC050DE719D29BDB00D57762 /* proj1 */ = {isa = PBXFileReference; explicitFileType = "compiled.mach-o.executable"; includeInIndex = 0; path = proj1; sourceTree = BUILT_PRODUCTS_DIR; };
		FC050DF119D29C3300D57762 /* make_qtree.h */ = {isa = PBXFileReference; fileEncoding = 4; lastKnownFileType = sourcecode.c.h; path = make_qtree.h; sourceTree = "<group>"; };
		FC050DF219D29C3300D57762 /* quadtree.c */ = {isa = PBXFileReference; fileEncoding = 4; lastKnownFileType = sourcecode.c.c; path = quadtree.c; sourceTree = "<group>"; };
		FC050DF319D29C3300D57762 /* quadtree.h */ = {isa = PBXFileReference; fileEncoding = 4; lastKnownFileType = sourcecode.c.h; path = quadtree.h; sourceTree = "<group>"; };
		FC050DF419D29C3300D57762 /* utils.c */ = {isa = PBXFileReference; fileEncoding = 4; lastKnownFileType = sourcecode.c.c; path = utils.c; sourceTree = "<group>"; };
		FC050DF519D29C3300D57762 /* utils.h */ = {isa = PBXFileReference; fileEncoding = 4; lastKnownFileType = sourcecode.c.h; path = utils.h; sourceTree = "<group>"; };
		FC050DF819D29CAC00D57762 /* make_qtree.c */ = {isa = PBXFileReference; fileEncoding = 4; lastKnownFileType = sourcecode.c.c; path = make_qtree.c; sourceTree = "<group>"; };
/* End PBXFileReference section */

/* Begin PBXFrameworksBuildPhase section */
		FC050DE419D29BDB00D57762 /* Frameworks */ = {
			isa = PBXFrameworksBuildPhase;
			buildActionMask = 2147483647;
			files = (
			);
			runOnlyForDeploymentPostprocessing = 0;
		};
/* End PBXFrameworksBuildPhase section */

/* Begin PBXGroup section */
		FC050DDE19D29BDB00D57762 = {
			isa = PBXGroup;
			children = (
				FC050DE919D29BDB00D57762 /* proj1 */,
				FC050DE819D29BDB00D57762 /* Products */,
			);
			sourceTree = "<group>";
		};
		FC050DE819D29BDB00D57762 /* Products */ = {
			isa = PBXGroup;
			children = (
				FC050DE719D29BDB00D57762 /* proj1 */,
			);
			name = Products;
			sourceTree = "<group>";
		};
		FC050DE919D29BDB00D57762 /* proj1 */ = {
			isa = PBXGroup;
			children = (
				FC050DF819D29CAC00D57762 /* make_qtree.c */,
				FC050DF119D29C3300D57762 /* make_qtree.h */,
				FC050DF219D29C3300D57762 /* quadtree.c */,
				FC050DF319D29C3300D57762 /* quadtree.h */,
				FC050DF419D29C3300D57762 /* utils.c */,
				FC050DF519D29C3300D57762 /* utils.h */,
			);
			path = proj1;
			sourceTree = "<group>";
		};
/* End PBXGroup section */

/* Begin PBXNativeTarget section */
		FC050DE619D29BDB00D57762 /* proj1 */ = {
			isa = PBXNativeTarget;
			buildConfigurationList = FC050DEE19D29BDC00D57762 /* Build configuration list for PBXNativeTarget "proj1" */;
			buildPhases = (
				FC050DE319D29BDB00D57762 /* Sources */,
				FC050DE419D29BDB00D57762 /* Frameworks */,
				FC050DE519D29BDB00D57762 /* CopyFiles */,
			);
			buildRules = (
			);
			dependencies = (
			);
			name = proj1;
			productName = proj1;
			productReference = FC050DE719D29BDB00D57762 /* proj1 */;
			productType = "com.apple.product-type.tool";
		};
/* End PBXNativeTarget section */

/* Begin PBXProject section */
		FC050DDF19D29BDB00D57762 /* Project object */ = {
			isa = PBXProject;
			attributes = {
				LastUpgradeCheck = 0600;
				ORGANIZATIONNAME = "Hangpeng Zhao";
				TargetAttributes = {
					FC050DE619D29BDB00D57762 = {
						CreatedOnToolsVersion = 6.0.1;
					};
				};
			};
			buildConfigurationList = FC050DE219D29BDB00D57762 /* Build configuration list for PBXProject "proj1" */;
			compatibilityVersion = "Xcode 3.2";
			developmentRegion = English;
			hasScannedForEncodings = 0;
			knownRegions = (
				en,
			);
			mainGroup = FC050DDE19D29BDB00D57762;
			productRefGroup = FC050DE819D29BDB00D57762 /* Products */;
			projectDirPath = "";
			projectRoot = "";
			targets = (
				FC050DE619D29BDB00D57762 /* proj1 */,
			);
		};
/* End PBXProject section */

/* Begin PBXSourcesBuildPhase section */
		FC050DE319D29BDB00D57762 /* Sources */ = {
			isa = PBXSourcesBuildPhase;
			buildActionMask = 2147483647;
			files = (
				FC050DF719D29C3300D57762 /* utils.c in Sources */,
				FC050DF619D29C3300D57762 /* quadtree.c in Sources */,
				FC050DF919D29CAC00D57762 /* make_qtree.c in Sources */,
			);
			runOnlyForDeploymentPostprocessing = 0;
		};
/* End PBXSourcesBuildPhase section */

/* Begin XCBuildConfiguration section */
		FC050DEC19D29BDC00D57762 /* Debug */ = {
			isa = XCBuildConfiguration;
			buildSettings = {
				ALWAYS_SEARCH_USER_PATHS = NO;
				CLANG_CXX_LANGUAGE_STANDARD = "gnu++0x";
				CLANG_CXX_LIBRARY = "libc++";
				CLANG_ENABLE_MODULES = YES;
				CLANG_ENABLE_OBJC_ARC = YES;
				CLANG_WARN_BOOL_CONVERSION = YES;
				CLANG_WARN_CONSTANT_CONVERSION = YES;
				CLANG_WARN_DIRECT_OBJC_ISA_USAGE = YES_ERROR;
				CLANG_WARN_EMPTY_BODY = YES;
				CLANG_WARN_ENUM_CONVERSION = YES;
				CLANG_WARN_INT_CONVERSION = YES;
				CLANG_WARN_OBJC_ROOT_CLASS = YES_ERROR;
				CLANG_WARN_UNREACHABLE_CODE = YES;
				CLANG_WARN__DUPLICATE_METHOD_MATCH = YES;
				COPY_PHASE_STRIP = NO;
				ENABLE_STRICT_OBJC_MSGSEND = YES;
				GCC_C_LANGUAGE_STANDARD = gnu99;
				GCC_DYNAMIC_NO_PIC = NO;
				GCC_OPTIMIZATION_LEVEL = 0;
				GCC_PREPROCESSOR_DEFINITIONS = (
					"DEBUG=1",
					"$(inherited)",
				);
				GCC_SYMBOLS_PRIVATE_EXTERN = NO;
				GCC_WARN_64_TO_32_BIT_CONVERSION = YES;
				GCC_WARN_ABOUT_RETURN_TYPE = YES_ERROR;
				GCC_WARN_UNDECLARED_SELECTOR = YES;
				GCC_WARN_UNINITIALIZED_AUTOS = YES_AGGRESSIVE;
				GCC_WARN_UNUSED_FUNCTION = YES;
				GCC_WARN_UNUSED_VARIABLE = YES;
				MACOSX_DEPLOYMENT_TARGET = 10.9;
				MTL_ENABLE_DEBUG_INFO = YES;
				ONLY_ACTIVE_ARCH = YES;
				SDKROOT = macosx;
			};
			name = Debug;
		};
		FC050DED19D29BDC00D57762 /* Release */ = {
			isa = XCBuildConfiguration;
			buildSettings = {
				ALWAYS_SEARCH_USER_PATHS = NO;
				CLANG_CXX_LANGUAGE_STANDARD = "gnu++0x";
				CLANG_CXX_LIBRARY = "libc++";
				CLANG_ENABLE_MODULES = YES;
				CLANG_ENABLE_OBJC_ARC = YES;
				CLANG_WARN_BOOL_CONVERSION = YES;
				CLANG_WARN_CONSTANT_CONVERSION = YES;
				CLANG_WARN_DIRECT_OBJC_ISA_USAGE = YES_ERROR;
				CLANG_WARN_EMPTY_BODY = YES;
				CLANG_WARN_ENUM_CONVERSION = YES;
				CLANG_WARN_INT_CONVERSION = YES;
				CLANG_WARN_OBJC_ROOT_CLASS = YES_ERROR;
				CLANG_WARN_UNREACHABLE_CODE = YES;
				CLANG_WARN__DUPLICATE_METHOD_MATCH = YES;
				COPY_PHASE_STRIP = YES;
				DEBUG_INFORMATION_FORMAT = "dwarf-with-dsym";
				ENABLE_NS_ASSERTIONS = NO;
				ENABLE_STRICT_OBJC_MSGSEND = YES;
				GCC_C_LANGUAGE_STANDARD = gnu99;
				GCC_WARN_64_TO_32_BIT_CONVERSION = YES;
				GCC_WARN_ABOUT_RETURN_TYPE = YES_ERROR;
				GCC_WARN_UNDECLARED_SELECTOR = YES;
				GCC_WARN_UNINITIALIZED_AUTOS = YES_AGGRESSIVE;
				GCC_WARN_UNUSED_FUNCTION = YES;
				GCC_WARN_UNUSED_VARIABLE = YES;
				MACOSX_DEPLOYMENT_TARGET = 10.9;
				MTL_ENABLE_DEBUG_INFO = NO;
				SDKROOT = macosx;
			};
			name = Release;
		};
		FC050DEF19D29BDC00D57762 /* Debug */ = {
			isa = XCBuildConfiguration;
			buildSettings = {
				PRODUCT_NAME = "$(TARGET_NAME)";
			};
			name = Debug;
		};
		FC050DF019D29BDC00D57762 /* Release */ = {
			isa = XCBuildConfiguration;
			buildSettings = {
				PRODUCT_NAME = "$(TARGET_NAME)";
			};
			name = Release;
		};
/* End XCBuildConfiguration section */

/* Begin XCConfigurationList section */
		FC050DE219D29BDB00D57762 /* Build configuration list for PBXProject "proj1" */ = {
			isa = XCConfigurationList;
			buildConfigurations = (
				FC050DEC19D29BDC00D57762 /* Debug */,
				FC050DED19D29BDC00D57762 /* Release */,
			);
			defaultConfigurationIsVisible = 0;
			defaultConfigurationName = Release;
		};
		FC050DEE19D29BDC00D57762 /* Build configuration list for PBXNativeTarget "proj1" */ = {
			isa = XCConfigurationList;
			buildConfigurations = (
				FC050DEF19D29BDC00D57762 /* Debug */,
				FC050DF019D29BDC00D57762 /* Release */,
			);
			defaultConfigurationIsVisible = 0;
		};
/* End XCConfigurationList section */
	};
	rootObject = FC050DDF19D29BDB00D57762 /* Project object */;
}
